// !$*UTF8*$!
{
	archiveVersion = 1;
	classes = {
	};
	objectVersion = 77;
	objects = {

/* Begin PBXContainerItemProxy section */
		5C5ACBA02D53511300896BFA /* PBXContainerItemProxy */ = {
			isa = PBXContainerItemProxy;
			containerPortal = 5C5ACB872D53511100896BFA /* Project object */;
			proxyType = 1;
			remoteGlobalIDString = 5C5ACB8E2D53511100896BFA;
			remoteInfo = InstagramCloneSwiftUi;
		};
		5C5ACBAA2D53511300896BFA /* PBXContainerItemProxy */ = {
			isa = PBXContainerItemProxy;
			containerPortal = 5C5ACB872D53511100896BFA /* Project object */;
			proxyType = 1;
			remoteGlobalIDString = 5C5ACB8E2D53511100896BFA;
			remoteInfo = InstagramCloneSwiftUi;
		};
/* End PBXContainerItemProxy section */

/* Begin PBXFileReference section */
		5C5ACB8F2D53511100896BFA /* InstagramCloneSwiftUi.app */ = {isa = PBXFileReference; explicitFileType = wrapper.application; includeInIndex = 0; path = InstagramCloneSwiftUi.app; sourceTree = BUILT_PRODUCTS_DIR; };
		5C5ACB9F2D53511300896BFA /* InstagramCloneSwiftUiTests.xctest */ = {isa = PBXFileReference; explicitFileType = wrapper.cfbundle; includeInIndex = 0; path = InstagramCloneSwiftUiTests.xctest; sourceTree = BUILT_PRODUCTS_DIR; };
		5C5ACBA92D53511300896BFA /* InstagramCloneSwiftUiUITests.xctest */ = {isa = PBXFileReference; explicitFileType = wrapper.cfbundle; includeInIndex = 0; path = InstagramCloneSwiftUiUITests.xctest; sourceTree = BUILT_PRODUCTS_DIR; };
/* End PBXFileReference section */

/* Begin PBXFileSystemSynchronizedRootGroup section */
		5C5ACB912D53511100896BFA /* InstagramCloneSwiftUi */ = {
			isa = PBXFileSystemSynchronizedRootGroup;
			path = InstagramCloneSwiftUi;
			sourceTree = "<group>";
		};
		5C5ACBA22D53511300896BFA /* InstagramCloneSwiftUiTests */ = {
			isa = PBXFileSystemSynchronizedRootGroup;
			path = InstagramCloneSwiftUiTests;
			sourceTree = "<group>";
		};
		5C5ACBAC2D53511300896BFA /* InstagramCloneSwiftUiUITests */ = {
			isa = PBXFileSystemSynchronizedRootGroup;
			path = InstagramCloneSwiftUiUITests;
			sourceTree = "<group>";
		};
/* End PBXFileSystemSynchronizedRootGroup section */

/* Begin PBXFrameworksBuildPhase section */
		5C5ACB8C2D53511100896BFA /* Frameworks */ = {
			isa = PBXFrameworksBuildPhase;
			buildActionMask = 2147483647;
			files = (
			);
			runOnlyForDeploymentPostprocessing = 0;
		};
		5C5ACB9C2D53511300896BFA /* Frameworks */ = {
			isa = PBXFrameworksBuildPhase;
			buildActionMask = 2147483647;
			files = (
			);
			runOnlyForDeploymentPostprocessing = 0;
		};
		5C5ACBA62D53511300896BFA /* Frameworks */ = {
			isa = PBXFrameworksBuildPhase;
			buildActionMask = 2147483647;
			files = (
			);
			runOnlyForDeploymentPostprocessing = 0;
		};
/* End PBXFrameworksBuildPhase section */

/* Begin PBXGroup section */
		5C5ACB862D53511100896BFA = {
			isa = PBXGroup;
			children = (
				5C5ACB912D53511100896BFA /* InstagramCloneSwiftUi */,
				5C5ACBA22D53511300896BFA /* InstagramCloneSwiftUiTests */,
				5C5ACBAC2D53511300896BFA /* InstagramCloneSwiftUiUITests */,
				5C5ACB902D53511100896BFA /* Products */,
			);
			sourceTree = "<group>";
		};
		5C5ACB902D53511100896BFA /* Products */ = {
			isa = PBXGroup;
			children = (
				5C5ACB8F2D53511100896BFA /* InstagramCloneSwiftUi.app */,
				5C5ACB9F2D53511300896BFA /* InstagramCloneSwiftUiTests.xctest */,
				5C5ACBA92D53511300896BFA /* InstagramCloneSwiftUiUITests.xctest */,
			);
			name = Products;
			sourceTree = "<group>";
		};
/* End PBXGroup section */

/* Begin PBXNativeTarget section */
		5C5ACB8E2D53511100896BFA /* InstagramCloneSwiftUi */ = {
			isa = PBXNativeTarget;
			buildConfigurationList = 5C5ACBB32D53511300896BFA /* Build configuration list for PBXNativeTarget "InstagramCloneSwiftUi" */;
			buildPhases = (
				5C5ACB8B2D53511100896BFA /* Sources */,
				5C5ACB8C2D53511100896BFA /* Frameworks */,
				5C5ACB8D2D53511100896BFA /* Resources */,
			);
			buildRules = (
			);
			dependencies = (
			);
			fileSystemSynchronizedGroups = (
				5C5ACB912D53511100896BFA /* InstagramCloneSwiftUi */,
			);
			name = InstagramCloneSwiftUi;
			packageProductDependencies = (
			);
			productName = InstagramCloneSwiftUi;
			productReference = 5C5ACB8F2D53511100896BFA /* InstagramCloneSwiftUi.app */;
			productType = "com.apple.product-type.application";
		};
		5C5ACB9E2D53511300896BFA /* InstagramCloneSwiftUiTests */ = {
			isa = PBXNativeTarget;
			buildConfigurationList = 5C5ACBB62D53511300896BFA /* Build configuration list for PBXNativeTarget "InstagramCloneSwiftUiTests" */;
			buildPhases = (
				5C5ACB9B2D53511300896BFA /* Sources */,
				5C5ACB9C2D53511300896BFA /* Frameworks */,
				5C5ACB9D2D53511300896BFA /* Resources */,
			);
			buildRules = (
			);
			dependencies = (
				5C5ACBA12D53511300896BFA /* PBXTargetDependency */,
			);
			fileSystemSynchronizedGroups = (
				5C5ACBA22D53511300896BFA /* InstagramCloneSwiftUiTests */,
			);
			name = InstagramCloneSwiftUiTests;
			packageProductDependencies = (
			);
			productName = InstagramCloneSwiftUiTests;
			productReference = 5C5ACB9F2D53511300896BFA /* InstagramCloneSwiftUiTests.xctest */;
			productType = "com.apple.product-type.bundle.unit-test";
		};
		5C5ACBA82D53511300896BFA /* InstagramCloneSwiftUiUITests */ = {
			isa = PBXNativeTarget;
			buildConfigurationList = 5C5ACBB92D53511300896BFA /* Build configuration list for PBXNativeTarget "InstagramCloneSwiftUiUITests" */;
			buildPhases = (
				5C5ACBA52D53511300896BFA /* Sources */,
				5C5ACBA62D53511300896BFA /* Frameworks */,
				5C5ACBA72D53511300896BFA /* Resources */,
			);
			buildRules = (
			);
			dependencies = (
				5C5ACBAB2D53511300896BFA /* PBXTargetDependency */,
			);
			fileSystemSynchronizedGroups = (
				5C5ACBAC2D53511300896BFA /* InstagramCloneSwiftUiUITests */,
			);
			name = InstagramCloneSwiftUiUITests;
			packageProductDependencies = (
			);
			productName = InstagramCloneSwiftUiUITests;
			productReference = 5C5ACBA92D53511300896BFA /* InstagramCloneSwiftUiUITests.xctest */;
			productType = "com.apple.product-type.bundle.ui-testing";
		};
/* End PBXNativeTarget section */

/* Begin PBXProject section */
		5C5ACB872D53511100896BFA /* Project object */ = {
			isa = PBXProject;
			attributes = {
				BuildIndependentTargetsInParallel = 1;
				LastSwiftUpdateCheck = 1600;
				LastUpgradeCheck = 1600;
				TargetAttributes = {
					5C5ACB8E2D53511100896BFA = {
						CreatedOnToolsVersion = 16.0;
					};
					5C5ACB9E2D53511300896BFA = {
						CreatedOnToolsVersion = 16.0;
						TestTargetID = 5C5ACB8E2D53511100896BFA;
					};
					5C5ACBA82D53511300896BFA = {
						CreatedOnToolsVersion = 16.0;
						TestTargetID = 5C5ACB8E2D53511100896BFA;
					};
				};
			};
			buildConfigurationList = 5C5ACB8A2D53511100896BFA /* Build configuration list for PBXProject "InstagramCloneSwiftUi" */;
			developmentRegion = en;
			hasScannedForEncodings = 0;
			knownRegions = (
				en,
				Base,
			);
			mainGroup = 5C5ACB862D53511100896BFA;
			minimizedProjectReferenceProxies = 1;
			preferredProjectObjectVersion = 77;
			productRefGroup = 5C5ACB902D53511100896BFA /* Products */;
			projectDirPath = "";
			projectRoot = "";
			targets = (
				5C5ACB8E2D53511100896BFA /* InstagramCloneSwiftUi */,
				5C5ACB9E2D53511300896BFA /* InstagramCloneSwiftUiTests */,
				5C5ACBA82D53511300896BFA /* InstagramCloneSwiftUiUITests */,
			);
		};
/* End PBXProject section */

/* Begin PBXResourcesBuildPhase section */
		5C5ACB8D2D53511100896BFA /* Resources */ = {
			isa = PBXResourcesBuildPhase;
			buildActionMask = 2147483647;
			files = (
			);
			runOnlyForDeploymentPostprocessing = 0;
		};
		5C5ACB9D2D53511300896BFA /* Resources */ = {
			isa = PBXResourcesBuildPhase;
			buildActionMask = 2147483647;
			files = (
			);
			runOnlyForDeploymentPostprocessing = 0;
		};
		5C5ACBA72D53511300896BFA /* Resources */ = {
			isa = PBXResourcesBuildPhase;
			buildActionMask = 2147483647;
			files = (
			);
			runOnlyForDeploymentPostprocessing = 0;
		};
/* End PBXResourcesBuildPhase section */

/* Begin PBXSourcesBuildPhase section */
		5C5ACB8B2D53511100896BFA /* Sources */ = {
			isa = PBXSourcesBuildPhase;
			buildActionMask = 2147483647;
			files = (
			);
			runOnlyForDeploymentPostprocessing = 0;
		};
		5C5ACB9B2D53511300896BFA /* Sources */ = {
			isa = PBXSourcesBuildPhase;
			buildActionMask = 2147483647;
			files = (
			);
			runOnlyForDeploymentPostprocessing = 0;
		};
		5C5ACBA52D53511300896BFA /* Sources */ = {
			isa = PBXSourcesBuildPhase;
			buildActionMask = 2147483647;
			files = (
			);
			runOnlyForDeploymentPostprocessing = 0;
		};
/* End PBXSourcesBuildPhase section */

/* Begin PBXTargetDependency section */
		5C5ACBA12D53511300896BFA /* PBXTargetDependency */ = {
			isa = PBXTargetDependency;
			target = 5C5ACB8E2D53511100896BFA /* InstagramCloneSwiftUi */;
			targetProxy = 5C5ACBA02D53511300896BFA /* PBXContainerItemProxy */;
		};
		5C5ACBAB2D53511300896BFA /* PBXTargetDependency */ = {
			isa = PBXTargetDependency;
			target = 5C5ACB8E2D53511100896BFA /* InstagramCloneSwiftUi */;
			targetProxy = 5C5ACBAA2D53511300896BFA /* PBXContainerItemProxy */;
		};
/* End PBXTargetDependency section */

/* Begin XCBuildConfiguration section */
		5C5ACBB12D53511300896BFA /* Debug */ = {
			isa = XCBuildConfiguration;
			buildSettings = {
				ALWAYS_SEARCH_USER_PATHS = NO;
				ASSETCATALOG_COMPILER_GENERATE_SWIFT_ASSET_SYMBOL_EXTENSIONS = YES;
				CLANG_ANALYZER_NONNULL = YES;
				CLANG_ANALYZER_NUMBER_OBJECT_CONVERSION = YES_AGGRESSIVE;
				CLANG_CXX_LANGUAGE_STANDARD = "gnu++20";
				CLANG_ENABLE_MODULES = YES;
				CLANG_ENABLE_OBJC_ARC = YES;
				CLANG_ENABLE_OBJC_WEAK = YES;
				CLANG_WARN_BLOCK_CAPTURE_AUTORELEASING = YES;
				CLANG_WARN_BOOL_CONVERSION = YES;
				CLANG_WARN_COMMA = YES;
				CLANG_WARN_CONSTANT_CONVERSION = YES;
				CLANG_WARN_DEPRECATED_OBJC_IMPLEMENTATIONS = YES;
				CLANG_WARN_DIRECT_OBJC_ISA_USAGE = YES_ERROR;
				CLANG_WARN_DOCUMENTATION_COMMENTS = YES;
				CLANG_WARN_EMPTY_BODY = YES;
				CLANG_WARN_ENUM_CONVERSION = YES;
				CLANG_WARN_INFINITE_RECURSION = YES;
				CLANG_WARN_INT_CONVERSION = YES;
				CLANG_WARN_NON_LITERAL_NULL_CONVERSION = YES;
				CLANG_WARN_OBJC_IMPLICIT_RETAIN_SELF = YES;
				CLANG_WARN_OBJC_LITERAL_CONVERSION = YES;
				CLANG_WARN_OBJC_ROOT_CLASS = YES_ERROR;
				CLANG_WARN_QUOTED_INCLUDE_IN_FRAMEWORK_HEADER = YES;
				CLANG_WARN_RANGE_LOOP_ANALYSIS = YES;
				CLANG_WARN_STRICT_PROTOTYPES = YES;
				CLANG_WARN_SUSPICIOUS_MOVE = YES;
				CLANG_WARN_UNGUARDED_AVAILABILITY = YES_AGGRESSIVE;
				CLANG_WARN_UNREACHABLE_CODE = YES;
				CLANG_WARN__DUPLICATE_METHOD_MATCH = YES;
				COPY_PHASE_STRIP = NO;
				DEBUG_INFORMATION_FORMAT = dwarf;
				ENABLE_STRICT_OBJC_MSGSEND = YES;
				ENABLE_TESTABILITY = YES;
				ENABLE_USER_SCRIPT_SANDBOXING = YES;
				GCC_C_LANGUAGE_STANDARD = gnu17;
				GCC_DYNAMIC_NO_PIC = NO;
				GCC_NO_COMMON_BLOCKS = YES;
				GCC_OPTIMIZATION_LEVEL = 0;
				GCC_PREPROCESSOR_DEFINITIONS = (
					"DEBUG=1",
					"$(inherited)",
				);
				GCC_WARN_64_TO_32_BIT_CONVERSION = YES;
				GCC_WARN_ABOUT_RETURN_TYPE = YES_ERROR;
				GCC_WARN_UNDECLARED_SELECTOR = YES;
				GCC_WARN_UNINITIALIZED_AUTOS = YES_AGGRESSIVE;
				GCC_WARN_UNUSED_FUNCTION = YES;
				GCC_WARN_UNUSED_VARIABLE = YES;
				IPHONEOS_DEPLOYMENT_TARGET = 18.0;
				LOCALIZATION_PREFERS_STRING_CATALOGS = YES;
				MTL_ENABLE_DEBUG_INFO = INCLUDE_SOURCE;
				MTL_FAST_MATH = YES;
				ONLY_ACTIVE_ARCH = YES;
				SDKROOT = iphoneos;
				SWIFT_ACTIVE_COMPILATION_CONDITIONS = "DEBUG $(inherited)";
				SWIFT_OPTIMIZATION_LEVEL = "-Onone";
			};
			name = Debug;
		};
		5C5ACBB22D53511300896BFA /* Release */ = {
			isa = XCBuildConfiguration;
			buildSettings = {
				ALWAYS_SEARCH_USER_PATHS = NO;
				ASSETCATALOG_COMPILER_GENERATE_SWIFT_ASSET_SYMBOL_EXTENSIONS = YES;
				CLANG_ANALYZER_NONNULL = YES;
				CLANG_ANALYZER_NUMBER_OBJECT_CONVERSION = YES_AGGRESSIVE;
				CLANG_CXX_LANGUAGE_STANDARD = "gnu++20";
				CLANG_ENABLE_MODULES = YES;
				CLANG_ENABLE_OBJC_ARC = YES;
				CLANG_ENABLE_OBJC_WEAK = YES;
				CLANG_WARN_BLOCK_CAPTURE_AUTORELEASING = YES;
				CLANG_WARN_BOOL_CONVERSION = YES;
				CLANG_WARN_COMMA = YES;
				CLANG_WARN_CONSTANT_CONVERSION = YES;
				CLANG_WARN_DEPRECATED_OBJC_IMPLEMENTATIONS = YES;
				CLANG_WARN_DIRECT_OBJC_ISA_USAGE = YES_ERROR;
				CLANG_WARN_DOCUMENTATION_COMMENTS = YES;
				CLANG_WARN_EMPTY_BODY = YES;
				CLANG_WARN_ENUM_CONVERSION = YES;
				CLANG_WARN_INFINITE_RECURSION = YES;
				CLANG_WARN_INT_CONVERSION = YES;
				CLANG_WARN_NON_LITERAL_NULL_CONVERSION = YES;
				CLANG_WARN_OBJC_IMPLICIT_RETAIN_SELF = YES;
				CLANG_WARN_OBJC_LITERAL_CONVERSION = YES;
				CLANG_WARN_OBJC_ROOT_CLASS = YES_ERROR;
				CLANG_WARN_QUOTED_INCLUDE_IN_FRAMEWORK_HEADER = YES;
				CLANG_WARN_RANGE_LOOP_ANALYSIS = YES;
				CLANG_WARN_STRICT_PROTOTYPES = YES;
				CLANG_WARN_SUSPICIOUS_MOVE = YES;
				CLANG_WARN_UNGUARDED_AVAILABILITY = YES_AGGRESSIVE;
				CLANG_WARN_UNREACHABLE_CODE = YES;
				CLANG_WARN__DUPLICATE_METHOD_MATCH = YES;
				COPY_PHASE_STRIP = NO;
				DEBUG_INFORMATION_FORMAT = "dwarf-with-dsym";
				ENABLE_NS_ASSERTIONS = NO;
				ENABLE_STRICT_OBJC_MSGSEND = YES;
				ENABLE_USER_SCRIPT_SANDBOXING = YES;
				GCC_C_LANGUAGE_STANDARD = gnu17;
				GCC_NO_COMMON_BLOCKS = YES;
				GCC_WARN_64_TO_32_BIT_CONVERSION = YES;
				GCC_WARN_ABOUT_RETURN_TYPE = YES_ERROR;
				GCC_WARN_UNDECLARED_SELECTOR = YES;
				GCC_WARN_UNINITIALIZED_AUTOS = YES_AGGRESSIVE;
				GCC_WARN_UNUSED_FUNCTION = YES;
				GCC_WARN_UNUSED_VARIABLE = YES;
				IPHONEOS_DEPLOYMENT_TARGET = 18.0;
				LOCALIZATION_PREFERS_STRING_CATALOGS = YES;
				MTL_ENABLE_DEBUG_INFO = NO;
				MTL_FAST_MATH = YES;
				SDKROOT = iphoneos;
				SWIFT_COMPILATION_MODE = wholemodule;
				VALIDATE_PRODUCT = YES;
			};
			name = Release;
		};
		5C5ACBB42D53511300896BFA /* Debug */ = {
			isa = XCBuildConfiguration;
			buildSettings = {
				ASSETCATALOG_COMPILER_APPICON_NAME = AppIcon;
				ASSETCATALOG_COMPILER_GLOBAL_ACCENT_COLOR_NAME = AccentColor;
				CODE_SIGN_STYLE = Automatic;
				CURRENT_PROJECT_VERSION = 1;
				DEVELOPMENT_ASSET_PATHS = "\"InstagramCloneSwiftUi/Preview Content\"";
				ENABLE_PREVIEWS = YES;
				GENERATE_INFOPLIST_FILE = YES;
				INFOPLIST_KEY_UIApplicationSceneManifest_Generation = YES;
				INFOPLIST_KEY_UIApplicationSupportsIndirectInputEvents = YES;
				INFOPLIST_KEY_UILaunchScreen_Generation = YES;
				INFOPLIST_KEY_UISupportedInterfaceOrientations_iPad = "UIInterfaceOrientationPortrait UIInterfaceOrientationPortraitUpsideDown UIInterfaceOrientationLandscapeLeft UIInterfaceOrientationLandscapeRight";
				INFOPLIST_KEY_UISupportedInterfaceOrientations_iPhone = "UIInterfaceOrientationPortrait UIInterfaceOrientationLandscapeLeft UIInterfaceOrientationLandscapeRight";
				LD_RUNPATH_SEARCH_PATHS = (
					"$(inherited)",
					"@executable_path/Frameworks",
				);
				MARKETING_VERSION = 1.0;
				PRODUCT_BUNDLE_IDENTIFIER = test.InstagramCloneSwiftUi;
				PRODUCT_NAME = "$(TARGET_NAME)";
				SWIFT_EMIT_LOC_STRINGS = YES;
				SWIFT_VERSION = 5.0;
				TARGETED_DEVICE_FAMILY = "1,2";
			};
			name = Debug;
		};
		5C5ACBB52D53511300896BFA /* Release */ = {
			isa = XCBuildConfiguration;
			buildSettings = {
				ASSETCATALOG_COMPILER_APPICON_NAME = AppIcon;
				ASSETCATALOG_COMPILER_GLOBAL_ACCENT_COLOR_NAME = AccentColor;
				CODE_SIGN_STYLE = Automatic;
				CURRENT_PROJECT_VERSION = 1;
				DEVELOPMENT_ASSET_PATHS = "\"InstagramCloneSwiftUi/Preview Content\"";
				ENABLE_PREVIEWS = YES;
				GENERATE_INFOPLIST_FILE = YES;
				INFOPLIST_KEY_UIApplicationSceneManifest_Generation = YES;
				INFOPLIST_KEY_UIApplicationSupportsIndirectInputEvents = YES;
				INFOPLIST_KEY_UILaunchScreen_Generation = YES;
				INFOPLIST_KEY_UISupportedInterfaceOrientations_iPad = "UIInterfaceOrientationPortrait UIInterfaceOrientationPortraitUpsideDown UIInterfaceOrientationLandscapeLeft UIInterfaceOrientationLandscapeRight";
				INFOPLIST_KEY_UISupportedInterfaceOrientations_iPhone = "UIInterfaceOrientationPortrait UIInterfaceOrientationLandscapeLeft UIInterfaceOrientationLandscapeRight";
				LD_RUNPATH_SEARCH_PATHS = (
					"$(inherited)",
					"@executable_path/Frameworks",
				);
				MARKETING_VERSION = 1.0;
				PRODUCT_BUNDLE_IDENTIFIER = test.InstagramCloneSwiftUi;
				PRODUCT_NAME = "$(TARGET_NAME)";
				SWIFT_EMIT_LOC_STRINGS = YES;
				SWIFT_VERSION = 5.0;
				TARGETED_DEVICE_FAMILY = "1,2";
			};
			name = Release;
		};
		5C5ACBB72D53511300896BFA /* Debug */ = {
			isa = XCBuildConfiguration;
			buildSettings = {
				BUNDLE_LOADER = "$(TEST_HOST)";
				CODE_SIGN_STYLE = Automatic;
				CURRENT_PROJECT_VERSION = 1;
				GENERATE_INFOPLIST_FILE = YES;
				IPHONEOS_DEPLOYMENT_TARGET = 18.0;
				MARKETING_VERSION = 1.0;
				PRODUCT_BUNDLE_IDENTIFIER = test.InstagramCloneSwiftUiTests;
				PRODUCT_NAME = "$(TARGET_NAME)";
				SWIFT_EMIT_LOC_STRINGS = NO;
				SWIFT_VERSION = 5.0;
				TARGETED_DEVICE_FAMILY = "1,2";
				TEST_HOST = "$(BUILT_PRODUCTS_DIR)/InstagramCloneSwiftUi.app/$(BUNDLE_EXECUTABLE_FOLDER_PATH)/InstagramCloneSwiftUi";
			};
			name = Debug;
		};
		5C5ACBB82D53511300896BFA /* Release */ = {
			isa = XCBuildConfiguration;
			buildSettings = {
				BUNDLE_LOADER = "$(TEST_HOST)";
				CODE_SIGN_STYLE = Automatic;
				CURRENT_PROJECT_VERSION = 1;
				GENERATE_INFOPLIST_FILE = YES;
				IPHONEOS_DEPLOYMENT_TARGET = 18.0;
				MARKETING_VERSION = 1.0;
				PRODUCT_BUNDLE_IDENTIFIER = test.InstagramCloneSwiftUiTests;
				PRODUCT_NAME = "$(TARGET_NAME)";
				SWIFT_EMIT_LOC_STRINGS = NO;
				SWIFT_VERSION = 5.0;
				TARGETED_DEVICE_FAMILY = "1,2";
				TEST_HOST = "$(BUILT_PRODUCTS_DIR)/InstagramCloneSwiftUi.app/$(BUNDLE_EXECUTABLE_FOLDER_PATH)/InstagramCloneSwiftUi";
			};
			name = Release;
		};
		5C5ACBBA2D53511300896BFA /* Debug */ = {
			isa = XCBuildConfiguration;
			buildSettings = {
				CODE_SIGN_STYLE = Automatic;
				CURRENT_PROJECT_VERSION = 1;
				GENERATE_INFOPLIST_FILE = YES;
				MARKETING_VERSION = 1.0;
				PRODUCT_BUNDLE_IDENTIFIER = test.InstagramCloneSwiftUiUITests;
				PRODUCT_NAME = "$(TARGET_NAME)";
				SWIFT_EMIT_LOC_STRINGS = NO;
				SWIFT_VERSION = 5.0;
				TARGETED_DEVICE_FAMILY = "1,2";
				TEST_TARGET_NAME = InstagramCloneSwiftUi;
			};
			name = Debug;
		};
		5C5ACBBB2D53511300896BFA /* Release */ = {
			isa = XCBuildConfiguration;
			buildSettings = {
				CODE_SIGN_STYLE = Automatic;
				CURRENT_PROJECT_VERSION = 1;
				GENERATE_INFOPLIST_FILE = YES;
				MARKETING_VERSION = 1.0;
				PRODUCT_BUNDLE_IDENTIFIER = test.InstagramCloneSwiftUiUITests;
				PRODUCT_NAME = "$(TARGET_NAME)";
				SWIFT_EMIT_LOC_STRINGS = NO;
				SWIFT_VERSION = 5.0;
				TARGETED_DEVICE_FAMILY = "1,2";
				TEST_TARGET_NAME = InstagramCloneSwiftUi;
			};
			name = Release;
		};
/* End XCBuildConfiguration section */

/* Begin XCConfigurationList section */
		5C5ACB8A2D53511100896BFA /* Build configuration list for PBXProject "InstagramCloneSwiftUi" */ = {
			isa = XCConfigurationList;
			buildConfigurations = (
				5C5ACBB12D53511300896BFA /* Debug */,
				5C5ACBB22D53511300896BFA /* Release */,
			);
			defaultConfigurationIsVisible = 0;
			defaultConfigurationName = Release;
		};
		5C5ACBB32D53511300896BFA /* Build configuration list for PBXNativeTarget "InstagramCloneSwiftUi" */ = {
			isa = XCConfigurationList;
			buildConfigurations = (
				5C5ACBB42D53511300896BFA /* Debug */,
				5C5ACBB52D53511300896BFA /* Release */,
			);
			defaultConfigurationIsVisible = 0;
			defaultConfigurationName = Release;
		};
		5C5ACBB62D53511300896BFA /* Build configuration list for PBXNativeTarget "InstagramCloneSwiftUiTests" */ = {
			isa = XCConfigurationList;
			buildConfigurations = (
				5C5ACBB72D53511300896BFA /* Debug */,
				5C5ACBB82D53511300896BFA /* Release */,
			);
			defaultConfigurationIsVisible = 0;
			defaultConfigurationName = Release;
		};
		5C5ACBB92D53511300896BFA /* Build configuration list for PBXNativeTarget "InstagramCloneSwiftUiUITests" */ = {
			isa = XCConfigurationList;
			buildConfigurations = (
				5C5ACBBA2D53511300896BFA /* Debug */,
				5C5ACBBB2D53511300896BFA /* Release */,
			);
			defaultConfigurationIsVisible = 0;
			defaultConfigurationName = Release;
		};
/* End XCConfigurationList section */
	};
	rootObject = 5C5ACB872D53511100896BFA /* Project object */;
}
